
Microsoft Visual Studio Solution File, Format Version 12.00
# Visual Studio Version 16
VisualStudioVersion = 16.0.29709.97
MinimumVisualStudioVersion = 10.0.40219.1
Project("{FAE04EC0-301F-11D3-BF4B-00C04F79EFBC}") = "multilang", "multilang\multilang.csproj", "{184434EB-D729-4FFF-945E-D1D80671C115}"
EndProject
Global
	GlobalSection(SolutionConfigurationPlatforms) = preSolution
		Debug|Any CPU = Debug|Any CPU
		Release|Any CPU = Release|Any CPU
	EndGlobalSection
	GlobalSection(ProjectConfigurationPlatforms) = postSolution
		{184434EB-D729-4FFF-945E-D1D80671C115}.Debug|Any CPU.ActiveCfg = Debug|Any CPU
		{184434EB-D729-4FFF-945E-D1D80671C115}.Debug|Any CPU.Build.0 = Debug|Any CPU
		{184434EB-D729-4FFF-945E-D1D80671C115}.Release|Any CPU.ActiveCfg = Release|Any CPU
		{184434EB-D729-4FFF-945E-D1D80671C115}.Release|Any CPU.Build.0 = Release|Any CPU
	EndGlobalSection
	GlobalSection(SolutionProperties) = preSolution
		HideSolutionNode = FALSE
	EndGlobalSection
	GlobalSection(ExtensibilityGlobals) = postSolution
		SolutionGuid = {BCEF8943-D3A6-459C-B858-BCBDA043B6E0}
	EndGlobalSection
EndGlobal
